
Microsoft Visual Studio Solution File, Format Version 12.00
# Visual Studio 15
Project("{FAE04EC0-301F-11D3-BF4B-00C04F79EFBC}") = "Assembly-CSharp", "Assembly-CSharp.csproj", "{5E92FD51-4FF3-765E-B7FD-68503033D96C}"
EndProject
Project("{FAE04EC0-301F-11D3-BF4B-00C04F79EFBC}") = "Assembly-CSharp-Editor", "Assembly-CSharp-Editor.csproj", "{D818924C-DAD8-DB2E-B466-CA07FBFF762E}"
EndProject
Global
	GlobalSection(SolutionConfigurationPlatforms) = preSolution
		Debug|Any CPU = Debug|Any CPU
		Release|Any CPU = Release|Any CPU
	EndGlobalSection
	GlobalSection(ProjectConfigurationPlatforms) = postSolution
		{5E92FD51-4FF3-765E-B7FD-68503033D96C}.Debug|Any CPU.ActiveCfg = Debug|Any CPU
		{5E92FD51-4FF3-765E-B7FD-68503033D96C}.Debug|Any CPU.Build.0 = Debug|Any CPU
		{5E92FD51-4FF3-765E-B7FD-68503033D96C}.Release|Any CPU.ActiveCfg = Release|Any CPU
		{5E92FD51-4FF3-765E-B7FD-68503033D96C}.Release|Any CPU.Build.0 = Release|Any CPU
		{D818924C-DAD8-DB2E-B466-CA07FBFF762E}.Debug|Any CPU.ActiveCfg = Debug|Any CPU
		{D818924C-DAD8-DB2E-B466-CA07FBFF762E}.Debug|Any CPU.Build.0 = Debug|Any CPU
		{D818924C-DAD8-DB2E-B466-CA07FBFF762E}.Release|Any CPU.ActiveCfg = Release|Any CPU
		{D818924C-DAD8-DB2E-B466-CA07FBFF762E}.Release|Any CPU.Build.0 = Release|Any CPU
	EndGlobalSection
	GlobalSection(SolutionProperties) = preSolution
		HideSolutionNode = FALSE
	EndGlobalSection
EndGlobal
